
Microsoft Visual Studio Solution File, Format Version 12.00
# Visual Studio Version 17
VisualStudioVersion = 17.9.34607.119
MinimumVisualStudioVersion = 10.0.40219.1
Project("{9A19103F-16F7-4668-BE54-9A1E7A4F7556}") = "Service", "src\Service\Service.csproj", "{29992C1B-E7BD-4BD1-873B-497947F0CD9D}"
EndProject
Project("{2150E333-8FDC-42A3-9474-1A3956D46DE8}") = "src", "src", "{B9B6E618-71F7-4C71-901A-48CA607CEF45}"
EndProject
Project("{2150E333-8FDC-42A3-9474-1A3956D46DE8}") = "tests", "tests", "{FE4DF349-D033-4CAD-B42D-26394509981D}"
EndProject
Project("{FAE04EC0-301F-11D3-BF4B-00C04F79EFBC}") = "Domain", "src\Domain\Domain.csproj", "{A4537C80-AB04-4DDD-B647-80CF57C49281}"
EndProject
Project("{FAE04EC0-301F-11D3-BF4B-00C04F79EFBC}") = "Common", "src\Common\Common.csproj", "{5D011C72-4EBE-4D53-B71C-B0C455E3DE49}"
EndProject
Project("{FAE04EC0-301F-11D3-BF4B-00C04F79EFBC}") = "Application", "src\Application\Application.csproj", "{E49ACDDE-3CE9-4D07-B6AD-117221A2A4DE}"
EndProject
Project("{FAE04EC0-301F-11D3-BF4B-00C04F79EFBC}") = "Persistence", "src\Persistence\Persistence.csproj", "{64B7CAF3-8979-47E8-8ABA-BC3406D3039D}"
EndProject
Project("{FAE04EC0-301F-11D3-BF4B-00C04F79EFBC}") = "Infrastructure", "src\Infrastructure\Infrastructure.csproj", "{6E0D33FE-2A8D-4798-BF80-A0640DFC3721}"
EndProject
Global
	GlobalSection(SolutionConfigurationPlatforms) = preSolution
		Debug|Any CPU = Debug|Any CPU
		Release|Any CPU = Release|Any CPU
	EndGlobalSection
	GlobalSection(ProjectConfigurationPlatforms) = postSolution
		{29992C1B-E7BD-4BD1-873B-497947F0CD9D}.Debug|Any CPU.ActiveCfg = Debug|Any CPU
		{29992C1B-E7BD-4BD1-873B-497947F0CD9D}.Debug|Any CPU.Build.0 = Debug|Any CPU
		{29992C1B-E7BD-4BD1-873B-497947F0CD9D}.Release|Any CPU.ActiveCfg = Release|Any CPU
		{29992C1B-E7BD-4BD1-873B-497947F0CD9D}.Release|Any CPU.Build.0 = Release|Any CPU
		{A4537C80-AB04-4DDD-B647-80CF57C49281}.Debug|Any CPU.ActiveCfg = Debug|Any CPU
		{A4537C80-AB04-4DDD-B647-80CF57C49281}.Debug|Any CPU.Build.0 = Debug|Any CPU
		{A4537C80-AB04-4DDD-B647-80CF57C49281}.Release|Any CPU.ActiveCfg = Release|Any CPU
		{A4537C80-AB04-4DDD-B647-80CF57C49281}.Release|Any CPU.Build.0 = Release|Any CPU
		{5D011C72-4EBE-4D53-B71C-B0C455E3DE49}.Debug|Any CPU.ActiveCfg = Debug|Any CPU
		{5D011C72-4EBE-4D53-B71C-B0C455E3DE49}.Debug|Any CPU.Build.0 = Debug|Any CPU
		{5D011C72-4EBE-4D53-B71C-B0C455E3DE49}.Release|Any CPU.ActiveCfg = Release|Any CPU
		{5D011C72-4EBE-4D53-B71C-B0C455E3DE49}.Release|Any CPU.Build.0 = Release|Any CPU
		{E49ACDDE-3CE9-4D07-B6AD-117221A2A4DE}.Debug|Any CPU.ActiveCfg = Debug|Any CPU
		{E49ACDDE-3CE9-4D07-B6AD-117221A2A4DE}.Debug|Any CPU.Build.0 = Debug|Any CPU
		{E49ACDDE-3CE9-4D07-B6AD-117221A2A4DE}.Release|Any CPU.ActiveCfg = Release|Any CPU
		{E49ACDDE-3CE9-4D07-B6AD-117221A2A4DE}.Release|Any CPU.Build.0 = Release|Any CPU
		{64B7CAF3-8979-47E8-8ABA-BC3406D3039D}.Debug|Any CPU.ActiveCfg = Debug|Any CPU
		{64B7CAF3-8979-47E8-8ABA-BC3406D3039D}.Debug|Any CPU.Build.0 = Debug|Any CPU
		{64B7CAF3-8979-47E8-8ABA-BC3406D3039D}.Release|Any CPU.ActiveCfg = Release|Any CPU
		{64B7CAF3-8979-47E8-8ABA-BC3406D3039D}.Release|Any CPU.Build.0 = Release|Any CPU
		{6E0D33FE-2A8D-4798-BF80-A0640DFC3721}.Debug|Any CPU.ActiveCfg = Debug|Any CPU
		{6E0D33FE-2A8D-4798-BF80-A0640DFC3721}.Debug|Any CPU.Build.0 = Debug|Any CPU
		{6E0D33FE-2A8D-4798-BF80-A0640DFC3721}.Release|Any CPU.ActiveCfg = Release|Any CPU
		{6E0D33FE-2A8D-4798-BF80-A0640DFC3721}.Release|Any CPU.Build.0 = Release|Any CPU
	EndGlobalSection
	GlobalSection(SolutionProperties) = preSolution
		HideSolutionNode = FALSE
	EndGlobalSection
	GlobalSection(NestedProjects) = preSolution
		{29992C1B-E7BD-4BD1-873B-497947F0CD9D} = {B9B6E618-71F7-4C71-901A-48CA607CEF45}
		{A4537C80-AB04-4DDD-B647-80CF57C49281} = {B9B6E618-71F7-4C71-901A-48CA607CEF45}
		{5D011C72-4EBE-4D53-B71C-B0C455E3DE49} = {B9B6E618-71F7-4C71-901A-48CA607CEF45}
		{E49ACDDE-3CE9-4D07-B6AD-117221A2A4DE} = {B9B6E618-71F7-4C71-901A-48CA607CEF45}
		{64B7CAF3-8979-47E8-8ABA-BC3406D3039D} = {B9B6E618-71F7-4C71-901A-48CA607CEF45}
		{6E0D33FE-2A8D-4798-BF80-A0640DFC3721} = {B9B6E618-71F7-4C71-901A-48CA607CEF45}
	EndGlobalSection
	GlobalSection(ExtensibilityGlobals) = postSolution
		SolutionGuid = {8B7F06B6-1CF4-49DF-9C80-040C2F7875E2}
	EndGlobalSection
EndGlobal
